
Microsoft Visual Studio Solution File, Format Version 12.00
# Visual Studio 14
VisualStudioVersion = 14.0.25420.1
MinimumVisualStudioVersion = 10.0.40219.1
Project("{2150E333-8FDC-42A3-9474-1A3956D46DE8}") = "src", "src", "{5CCA9A90-6A69-45F3-AB86-52102DF9336E}"
EndProject
Project("{2150E333-8FDC-42A3-9474-1A3956D46DE8}") = "Solution Items", "Solution Items", "{D656CDD3-2EBD-49D7-8B7B-163AB729888E}"
	ProjectSection(SolutionItems) = preProject
		global.json = global.json
	EndProjectSection
EndProject
Project("{8BB2217D-0F2D-49D1-97BC-3654ED321F3B}") = "SchoolCalendarSystem", "src\SchoolCalendarSystem\SchoolCalendarSystem.xproj", "{3437F86E-E1C4-44EE-A171-F41DFA4478CA}"
EndProject
Global
	GlobalSection(SolutionConfigurationPlatforms) = preSolution
		Debug|Any CPU = Debug|Any CPU
		Release|Any CPU = Release|Any CPU
	EndGlobalSection
	GlobalSection(ProjectConfigurationPlatforms) = postSolution
		{3437F86E-E1C4-44EE-A171-F41DFA4478CA}.Debug|Any CPU.ActiveCfg = Debug|Any CPU
		{3437F86E-E1C4-44EE-A171-F41DFA4478CA}.Debug|Any CPU.Build.0 = Debug|Any CPU
		{3437F86E-E1C4-44EE-A171-F41DFA4478CA}.Release|Any CPU.ActiveCfg = Release|Any CPU
		{3437F86E-E1C4-44EE-A171-F41DFA4478CA}.Release|Any CPU.Build.0 = Release|Any CPU
	EndGlobalSection
	GlobalSection(SolutionProperties) = preSolution
		HideSolutionNode = FALSE
	EndGlobalSection
	GlobalSection(NestedProjects) = preSolution
		{3437F86E-E1C4-44EE-A171-F41DFA4478CA} = {5CCA9A90-6A69-45F3-AB86-52102DF9336E}
	EndGlobalSection
EndGlobal
